github.com/jeffguorg/jsonrpc v0.0.0-20190926023552-7171b6a16d39 h1:n6jR0WD/6fuP6+cdVxMIiGgSniKjruEmHnU1G7LCFgI=
github.com/jeffguorg/jsonrpc v0.0.0-20190926023552-7171b6a16d39/go.mod h1:R6Qmq0C17MOtz6kuKhl3RwpxFfBcgq49t88KmRS1+B4=
github.com/jeffguorg/jsonrpc v0.0.0-20190926023552-bb31f42 h1:D0wdyj2vtdS+s1cwPgIsKNYaom57mv4SdZc7C+qP3no=
github.com/jeffguorg/jsonrpc v0.0.0-20190926023552-bb31f42/go.mod h1:R6Qmq0C17MOtz6kuKhl3RwpxFfBcgq49t88KmRS1+B4=
github.com/jeffguorg/jsonrpc v0.0.0-20190926023552-cce1d27 h1:Cyk8MQCdwAADO9cxBWGseIie+lDX7PqT/gfqwSTz8pU=
github.com/jeffguorg/jsonrpc v0.0.0-20190926023552-cce1d27/go.mod h1:R6Qmq0C17MOtz6kuKhl3RwpxFfBcgq49t88KmRS1+B4=
